// !$*UTF8*$!
{
	archiveVersion = 1;
	classes = {
	};
	objectVersion = 48;
	objects = {

/* Begin PBXBuildFile section */
		5502E8CD20472177005F039D /* CampusMapView.swift in Sources */ = {isa = PBXBuildFile; fileRef = 5502E8CC20472177005F039D /* CampusMapView.swift */; };
		5502E8CF204726AF005F039D /* RoundedButton.swift in Sources */ = {isa = PBXBuildFile; fileRef = 5502E8CE204726AF005F039D /* RoundedButton.swift */; };
		55BBF46A205EE568003669E0 /* EventStore.swift in Sources */ = {isa = PBXBuildFile; fileRef = 55BBF469205EE568003669E0 /* EventStore.swift */; };
		55C6BFAA202E8731009290ED /* AppDelegate.swift in Sources */ = {isa = PBXBuildFile; fileRef = 55C6BFA9202E8731009290ED /* AppDelegate.swift */; };
		55C6BFAC202E8731009290ED /* ViewController.swift in Sources */ = {isa = PBXBuildFile; fileRef = 55C6BFAB202E8731009290ED /* ViewController.swift */; };
		55C6BFAF202E8731009290ED /* Main.storyboard in Resources */ = {isa = PBXBuildFile; fileRef = 55C6BFAD202E8731009290ED /* Main.storyboard */; };
		55C6BFB1202E8731009290ED /* Assets.xcassets in Resources */ = {isa = PBXBuildFile; fileRef = 55C6BFB0202E8731009290ED /* Assets.xcassets */; };
		55C6BFB4202E8731009290ED /* LaunchScreen.storyboard in Resources */ = {isa = PBXBuildFile; fileRef = 55C6BFB2202E8731009290ED /* LaunchScreen.storyboard */; };
		55C6BFBF202E8732009290ED /* UHDStudentResourcesTests.swift in Sources */ = {isa = PBXBuildFile; fileRef = 55C6BFBE202E8732009290ED /* UHDStudentResourcesTests.swift */; };
		55C6BFCA202E8732009290ED /* UHDStudentResourcesUITests.swift in Sources */ = {isa = PBXBuildFile; fileRef = 55C6BFC9202E8732009290ED /* UHDStudentResourcesUITests.swift */; };
		55C6BFE0202EA1AE009290ED /* Image.imageset in Resources */ = {isa = PBXBuildFile; fileRef = 55C6BFD7202EA1AD009290ED /* Image.imageset */; };
		55C6BFE1202EA1AE009290ED /* CustomCell.swift in Sources */ = {isa = PBXBuildFile; fileRef = 55C6BFD8202EA1AD009290ED /* CustomCell.swift */; };
		55C6BFE2202EA1AE009290ED /* BusRoutesViewController.swift in Sources */ = {isa = PBXBuildFile; fileRef = 55C6BFD9202EA1AD009290ED /* BusRoutesViewController.swift */; };
		55C6BFE3202EA1AE009290ED /* EservicesViewController.swift in Sources */ = {isa = PBXBuildFile; fileRef = 55C6BFDA202EA1AD009290ED /* EservicesViewController.swift */; };
		55C6BFE4202EA1AE009290ED /* Assets.xcassets in Resources */ = {isa = PBXBuildFile; fileRef = 55C6BFDB202EA1AD009290ED /* Assets.xcassets */; };
		55C6BFE5202EA1AE009290ED /* CalendarViewController.swift in Sources */ = {isa = PBXBuildFile; fileRef = 55C6BFDC202EA1AD009290ED /* CalendarViewController.swift */; };
		55C6BFE6202EA1AE009290ED /* Climacons.ttf in Resources */ = {isa = PBXBuildFile; fileRef = 55C6BFDD202EA1AD009290ED /* Climacons.ttf */; };
		55C6BFE7202EA1AE009290ED /* MenuViewController.swift in Sources */ = {isa = PBXBuildFile; fileRef = 55C6BFDE202EA1AE009290ED /* MenuViewController.swift */; };
		55C6BFE8202EA1AE009290ED /* Base.lproj in Resources */ = {isa = PBXBuildFile; fileRef = 55C6BFDF202EA1AE009290ED /* Base.lproj */; };
		55C6BFEA202FD761009290ED /* CalendarEvents.swift in Sources */ = {isa = PBXBuildFile; fileRef = 55C6BFE9202FD760009290ED /* CalendarEvents.swift */; };
		55C6BFEC20321BA1009290ED /* eventCell.swift in Sources */ = {isa = PBXBuildFile; fileRef = 55C6BFEB20321BA1009290ED /* eventCell.swift */; };
		5CD9CEEA5FE7F0FF5AFDAC7E /* Pods_UHDStudentResources.framework in Frameworks */ = {isa = PBXBuildFile; fileRef = 6E1A9C3280482FAB665C6823 /* Pods_UHDStudentResources.framework */; };
		EB95CDF16F0F4FE4723DF565 /* Pods_UHDStudentResourcesUITests.framework in Frameworks */ = {isa = PBXBuildFile; fileRef = 3A8E8812A8BC720C0AD1A0AA /* Pods_UHDStudentResourcesUITests.framework */; };
		F13BEFF7F1CD0814B3F86D06 /* Pods_UHDStudentResourcesTests.framework in Frameworks */ = {isa = PBXBuildFile; fileRef = F6286B459330E5A5F9F6F49E /* Pods_UHDStudentResourcesTests.framework */; };
/* End PBXBuildFile section */

/* Begin PBXContainerItemProxy section */
		55C6BFBB202E8732009290ED /* PBXContainerItemProxy */ = {
			isa = PBXContainerItemProxy;
			containerPortal = 55C6BF9E202E8731009290ED /* Project object */;
			proxyType = 1;
			remoteGlobalIDString = 55C6BFA5202E8731009290ED;
			remoteInfo = UHDStudentResources;
		};
		55C6BFC6202E8732009290ED /* PBXContainerItemProxy */ = {
			isa = PBXContainerItemProxy;
			containerPortal = 55C6BF9E202E8731009290ED /* Project object */;
			proxyType = 1;
			remoteGlobalIDString = 55C6BFA5202E8731009290ED;
			remoteInfo = UHDStudentResources;
		};
/* End PBXContainerItemProxy section */

/* Begin PBXFileReference section */
		136657446EEC71F8573BC6F6 /* Pods-UHDStudentResourcesTests.debug.xcconfig */ = {isa = PBXFileReference; includeInIndex = 1; lastKnownFileType = text.xcconfig; name = "Pods-UHDStudentResourcesTests.debug.xcconfig"; path = "Pods/Target Support Files/Pods-UHDStudentResourcesTests/Pods-UHDStudentResourcesTests.debug.xcconfig"; sourceTree = "<group>"; };
		3A8E8812A8BC720C0AD1A0AA /* Pods_UHDStudentResourcesUITests.framework */ = {isa = PBXFileReference; explicitFileType = wrapper.framework; includeInIndex = 0; path = Pods_UHDStudentResourcesUITests.framework; sourceTree = BUILT_PRODUCTS_DIR; };
		5502E8CC20472177005F039D /* CampusMapView.swift */ = {isa = PBXFileReference; lastKnownFileType = sourcecode.swift; path = CampusMapView.swift; sourceTree = "<group>"; };
		5502E8CE204726AF005F039D /* RoundedButton.swift */ = {isa = PBXFileReference; lastKnownFileType = sourcecode.swift; path = RoundedButton.swift; sourceTree = "<group>"; };
		55BBF469205EE568003669E0 /* EventStore.swift */ = {isa = PBXFileReference; lastKnownFileType = sourcecode.swift; path = EventStore.swift; sourceTree = "<group>"; };
		55C6BFA6202E8731009290ED /* UHDStudentResources.app */ = {isa = PBXFileReference; explicitFileType = wrapper.application; includeInIndex = 0; path = UHDStudentResources.app; sourceTree = BUILT_PRODUCTS_DIR; };
		55C6BFA9202E8731009290ED /* AppDelegate.swift */ = {isa = PBXFileReference; lastKnownFileType = sourcecode.swift; path = AppDelegate.swift; sourceTree = "<group>"; };
		55C6BFAB202E8731009290ED /* ViewController.swift */ = {isa = PBXFileReference; lastKnownFileType = sourcecode.swift; path = ViewController.swift; sourceTree = "<group>"; };
		55C6BFAE202E8731009290ED /* Base */ = {isa = PBXFileReference; lastKnownFileType = file.storyboard; name = Base; path = Base.lproj/Main.storyboard; sourceTree = "<group>"; };
		55C6BFB0202E8731009290ED /* Assets.xcassets */ = {isa = PBXFileReference; lastKnownFileType = folder.assetcatalog; path = Assets.xcassets; sourceTree = "<group>"; };
		55C6BFB3202E8731009290ED /* Base */ = {isa = PBXFileReference; lastKnownFileType = file.storyboard; name = Base; path = Base.lproj/LaunchScreen.storyboard; sourceTree = "<group>"; };
		55C6BFB5202E8731009290ED /* Info.plist */ = {isa = PBXFileReference; lastKnownFileType = text.plist.xml; path = Info.plist; sourceTree = "<group>"; };
		55C6BFBA202E8732009290ED /* UHDStudentResourcesTests.xctest */ = {isa = PBXFileReference; explicitFileType = wrapper.cfbundle; includeInIndex = 0; path = UHDStudentResourcesTests.xctest; sourceTree = BUILT_PRODUCTS_DIR; };
		55C6BFBE202E8732009290ED /* UHDStudentResourcesTests.swift */ = {isa = PBXFileReference; lastKnownFileType = sourcecode.swift; path = UHDStudentResourcesTests.swift; sourceTree = "<group>"; };
		55C6BFC0202E8732009290ED /* Info.plist */ = {isa = PBXFileReference; lastKnownFileType = text.plist.xml; path = Info.plist; sourceTree = "<group>"; };
		55C6BFC5202E8732009290ED /* UHDStudentResourcesUITests.xctest */ = {isa = PBXFileReference; explicitFileType = wrapper.cfbundle; includeInIndex = 0; path = UHDStudentResourcesUITests.xctest; sourceTree = BUILT_PRODUCTS_DIR; };
		55C6BFC9202E8732009290ED /* UHDStudentResourcesUITests.swift */ = {isa = PBXFileReference; lastKnownFileType = sourcecode.swift; path = UHDStudentResourcesUITests.swift; sourceTree = "<group>"; };
		55C6BFCB202E8732009290ED /* Info.plist */ = {isa = PBXFileReference; lastKnownFileType = text.plist.xml; path = Info.plist; sourceTree = "<group>"; };
		55C6BFD7202EA1AD009290ED /* Image.imageset */ = {isa = PBXFileReference; lastKnownFileType = folder; path = Image.imageset; sourceTree = "<group>"; };
		55C6BFD8202EA1AD009290ED /* CustomCell.swift */ = {isa = PBXFileReference; fileEncoding = 4; lastKnownFileType = sourcecode.swift; path = CustomCell.swift; sourceTree = "<group>"; };
		55C6BFD9202EA1AD009290ED /* BusRoutesViewController.swift */ = {isa = PBXFileReference; fileEncoding = 4; lastKnownFileType = sourcecode.swift; path = BusRoutesViewController.swift; sourceTree = "<group>"; };
		55C6BFDA202EA1AD009290ED /* EservicesViewController.swift */ = {isa = PBXFileReference; fileEncoding = 4; lastKnownFileType = sourcecode.swift; path = EservicesViewController.swift; sourceTree = "<group>"; };
		55C6BFDB202EA1AD009290ED /* Assets.xcassets */ = {isa = PBXFileReference; lastKnownFileType = folder.assetcatalog; path = Assets.xcassets; sourceTree = "<group>"; };
		55C6BFDC202EA1AD009290ED /* CalendarViewController.swift */ = {isa = PBXFileReference; fileEncoding = 4; lastKnownFileType = sourcecode.swift; path = CalendarViewController.swift; sourceTree = "<group>"; };
		55C6BFDD202EA1AD009290ED /* Climacons.ttf */ = {isa = PBXFileReference; lastKnownFileType = file; path = Climacons.ttf; sourceTree = "<group>"; };
		55C6BFDE202EA1AE009290ED /* MenuViewController.swift */ = {isa = PBXFileReference; fileEncoding = 4; lastKnownFileType = sourcecode.swift; path = MenuViewController.swift; sourceTree = "<group>"; };
		55C6BFDF202EA1AE009290ED /* Base.lproj */ = {isa = PBXFileReference; lastKnownFileType = folder; path = Base.lproj; sourceTree = "<group>"; };
		55C6BFE9202FD760009290ED /* CalendarEvents.swift */ = {isa = PBXFileReference; lastKnownFileType = sourcecode.swift; path = CalendarEvents.swift; sourceTree = "<group>"; };
		55C6BFEB20321BA1009290ED /* eventCell.swift */ = {isa = PBXFileReference; lastKnownFileType = sourcecode.swift; path = eventCell.swift; sourceTree = "<group>"; };
		6E1A9C3280482FAB665C6823 /* Pods_UHDStudentResources.framework */ = {isa = PBXFileReference; explicitFileType = wrapper.framework; includeInIndex = 0; path = Pods_UHDStudentResources.framework; sourceTree = BUILT_PRODUCTS_DIR; };
		98B40A195B79D900BBE4BFDC /* Pods-UHDStudentResources.release.xcconfig */ = {isa = PBXFileReference; includeInIndex = 1; lastKnownFileType = text.xcconfig; name = "Pods-UHDStudentResources.release.xcconfig"; path = "Pods/Target Support Files/Pods-UHDStudentResources/Pods-UHDStudentResources.release.xcconfig"; sourceTree = "<group>"; };
		B4E9EC7BACF0654AB5E8FD4F /* Pods-UHDStudentResourcesUITests.release.xcconfig */ = {isa = PBXFileReference; includeInIndex = 1; lastKnownFileType = text.xcconfig; name = "Pods-UHDStudentResourcesUITests.release.xcconfig"; path = "Pods/Target Support Files/Pods-UHDStudentResourcesUITests/Pods-UHDStudentResourcesUITests.release.xcconfig"; sourceTree = "<group>"; };
		D2CCFE0F43FDD40306419829 /* Pods-UHDStudentResources.debug.xcconfig */ = {isa = PBXFileReference; includeInIndex = 1; lastKnownFileType = text.xcconfig; name = "Pods-UHDStudentResources.debug.xcconfig"; path = "Pods/Target Support Files/Pods-UHDStudentResources/Pods-UHDStudentResources.debug.xcconfig"; sourceTree = "<group>"; };
		E76D035BBEF4FB6C5A91D3B9 /* Pods-UHDStudentResourcesTests.release.xcconfig */ = {isa = PBXFileReference; includeInIndex = 1; lastKnownFileType = text.xcconfig; name = "Pods-UHDStudentResourcesTests.release.xcconfig"; path = "Pods/Target Support Files/Pods-UHDStudentResourcesTests/Pods-UHDStudentResourcesTests.release.xcconfig"; sourceTree = "<group>"; };
		EC9DC7715EB271EA05931F89 /* Pods-UHDStudentResourcesUITests.debug.xcconfig */ = {isa = PBXFileReference; includeInIndex = 1; lastKnownFileType = text.xcconfig; name = "Pods-UHDStudentResourcesUITests.debug.xcconfig"; path = "Pods/Target Support Files/Pods-UHDStudentResourcesUITests/Pods-UHDStudentResourcesUITests.debug.xcconfig"; sourceTree = "<group>"; };
		F6286B459330E5A5F9F6F49E /* Pods_UHDStudentResourcesTests.framework */ = {isa = PBXFileReference; explicitFileType = wrapper.framework; includeInIndex = 0; path = Pods_UHDStudentResourcesTests.framework; sourceTree = BUILT_PRODUCTS_DIR; };
/* End PBXFileReference section */

/* Begin PBXFrameworksBuildPhase section */
		55C6BFA3202E8731009290ED /* Frameworks */ = {
			isa = PBXFrameworksBuildPhase;
			buildActionMask = 2147483647;
			files = (
				5CD9CEEA5FE7F0FF5AFDAC7E /* Pods_UHDStudentResources.framework in Frameworks */,
			);
			runOnlyForDeploymentPostprocessing = 0;
		};
		55C6BFB7202E8732009290ED /* Frameworks */ = {
			isa = PBXFrameworksBuildPhase;
			buildActionMask = 2147483647;
			files = (
				F13BEFF7F1CD0814B3F86D06 /* Pods_UHDStudentResourcesTests.framework in Frameworks */,
			);
			runOnlyForDeploymentPostprocessing = 0;
		};
		55C6BFC2202E8732009290ED /* Frameworks */ = {
			isa = PBXFrameworksBuildPhase;
			buildActionMask = 2147483647;
			files = (
				EB95CDF16F0F4FE4723DF565 /* Pods_UHDStudentResourcesUITests.framework in Frameworks */,
			);
			runOnlyForDeploymentPostprocessing = 0;
		};
/* End PBXFrameworksBuildPhase section */

/* Begin PBXGroup section */
		55C6BF9D202E8731009290ED = {
			isa = PBXGroup;
			children = (
				55C6BFA8202E8731009290ED /* UHDStudentResources */,
				55C6BFBD202E8732009290ED /* UHDStudentResourcesTests */,
				55C6BFC8202E8732009290ED /* UHDStudentResourcesUITests */,
				55C6BFA7202E8731009290ED /* Products */,
				C34D3C6D845D47C08611E577 /* Pods */,
				A4C5C8006CEA7FC4D897DE12 /* Frameworks */,
			);
			sourceTree = "<group>";
		};
		55C6BFA7202E8731009290ED /* Products */ = {
			isa = PBXGroup;
			children = (
				55C6BFA6202E8731009290ED /* UHDStudentResources.app */,
				55C6BFBA202E8732009290ED /* UHDStudentResourcesTests.xctest */,
				55C6BFC5202E8732009290ED /* UHDStudentResourcesUITests.xctest */,
			);
			name = Products;
			sourceTree = "<group>";
		};
		55C6BFA8202E8731009290ED /* UHDStudentResources */ = {
			isa = PBXGroup;
			children = (
				55C6BFDB202EA1AD009290ED /* Assets.xcassets */,
				55C6BFDF202EA1AE009290ED /* Base.lproj */,
				55C6BFD9202EA1AD009290ED /* BusRoutesViewController.swift */,
				55C6BFDC202EA1AD009290ED /* CalendarViewController.swift */,
				55C6BFE9202FD760009290ED /* CalendarEvents.swift */,
				55BBF469205EE568003669E0 /* EventStore.swift */,
				55C6BFDD202EA1AD009290ED /* Climacons.ttf */,
				55C6BFEB20321BA1009290ED /* eventCell.swift */,
				55C6BFD8202EA1AD009290ED /* CustomCell.swift */,
				55C6BFDA202EA1AD009290ED /* EservicesViewController.swift */,
				55C6BFD7202EA1AD009290ED /* Image.imageset */,
				55C6BFDE202EA1AE009290ED /* MenuViewController.swift */,
				55C6BFA9202E8731009290ED /* AppDelegate.swift */,
				55C6BFAB202E8731009290ED /* ViewController.swift */,
				55C6BFAD202E8731009290ED /* Main.storyboard */,
				55C6BFB0202E8731009290ED /* Assets.xcassets */,
				55C6BFB2202E8731009290ED /* LaunchScreen.storyboard */,
				55C6BFB5202E8731009290ED /* Info.plist */,
				5502E8CC20472177005F039D /* CampusMapView.swift */,
				5502E8CE204726AF005F039D /* RoundedButton.swift */,
			);
			path = UHDStudentResources;
			sourceTree = "<group>";
		};
		55C6BFBD202E8732009290ED /* UHDStudentResourcesTests */ = {
			isa = PBXGroup;
			children = (
				55C6BFBE202E8732009290ED /* UHDStudentResourcesTests.swift */,
				55C6BFC0202E8732009290ED /* Info.plist */,
			);
			path = UHDStudentResourcesTests;
			sourceTree = "<group>";
		};
		55C6BFC8202E8732009290ED /* UHDStudentResourcesUITests */ = {
			isa = PBXGroup;
			children = (
				55C6BFC9202E8732009290ED /* UHDStudentResourcesUITests.swift */,
				55C6BFCB202E8732009290ED /* Info.plist */,
			);
			path = UHDStudentResourcesUITests;
			sourceTree = "<group>";
		};
		A4C5C8006CEA7FC4D897DE12 /* Frameworks */ = {
			isa = PBXGroup;
			children = (
				6E1A9C3280482FAB665C6823 /* Pods_UHDStudentResources.framework */,
				F6286B459330E5A5F9F6F49E /* Pods_UHDStudentResourcesTests.framework */,
				3A8E8812A8BC720C0AD1A0AA /* Pods_UHDStudentResourcesUITests.framework */,
			);
			name = Frameworks;
			sourceTree = "<group>";
		};
		C34D3C6D845D47C08611E577 /* Pods */ = {
			isa = PBXGroup;
			children = (
				D2CCFE0F43FDD40306419829 /* Pods-UHDStudentResources.debug.xcconfig */,
				98B40A195B79D900BBE4BFDC /* Pods-UHDStudentResources.release.xcconfig */,
				136657446EEC71F8573BC6F6 /* Pods-UHDStudentResourcesTests.debug.xcconfig */,
				E76D035BBEF4FB6C5A91D3B9 /* Pods-UHDStudentResourcesTests.release.xcconfig */,
				EC9DC7715EB271EA05931F89 /* Pods-UHDStudentResourcesUITests.debug.xcconfig */,
				B4E9EC7BACF0654AB5E8FD4F /* Pods-UHDStudentResourcesUITests.release.xcconfig */,
			);
			name = Pods;
			sourceTree = "<group>";
		};
/* End PBXGroup section */

/* Begin PBXNativeTarget section */
		55C6BFA5202E8731009290ED /* UHDStudentResources */ = {
			isa = PBXNativeTarget;
			buildConfigurationList = 55C6BFCE202E8732009290ED /* Build configuration list for PBXNativeTarget "UHDStudentResources" */;
			buildPhases = (
				9D7EBBE5E220D88858B48B54 /* [CP] Check Pods Manifest.lock */,
				55C6BFA2202E8731009290ED /* Sources */,
				55C6BFA3202E8731009290ED /* Frameworks */,
				55C6BFA4202E8731009290ED /* Resources */,
				99CE131350450413B85D5A45 /* [CP] Embed Pods Frameworks */,
				A6F2B2CCA33171EFD5C80CE9 /* [CP] Copy Pods Resources */,
			);
			buildRules = (
			);
			dependencies = (
			);
			name = UHDStudentResources;
			productName = UHDStudentResources;
			productReference = 55C6BFA6202E8731009290ED /* UHDStudentResources.app */;
			productType = "com.apple.product-type.application";
		};
		55C6BFB9202E8732009290ED /* UHDStudentResourcesTests */ = {
			isa = PBXNativeTarget;
			buildConfigurationList = 55C6BFD1202E8732009290ED /* Build configuration list for PBXNativeTarget "UHDStudentResourcesTests" */;
			buildPhases = (
				EBC79E484F386F6DEEF3A70E /* [CP] Check Pods Manifest.lock */,
				55C6BFB6202E8732009290ED /* Sources */,
				55C6BFB7202E8732009290ED /* Frameworks */,
				55C6BFB8202E8732009290ED /* Resources */,
				282DC4F01E28FEEA3409B093 /* [CP] Embed Pods Frameworks */,
				47F3B6AAB492A5C6328D350F /* [CP] Copy Pods Resources */,
			);
			buildRules = (
			);
			dependencies = (
				55C6BFBC202E8732009290ED /* PBXTargetDependency */,
			);
			name = UHDStudentResourcesTests;
			productName = UHDStudentResourcesTests;
			productReference = 55C6BFBA202E8732009290ED /* UHDStudentResourcesTests.xctest */;
			productType = "com.apple.product-type.bundle.unit-test";
		};
		55C6BFC4202E8732009290ED /* UHDStudentResourcesUITests */ = {
			isa = PBXNativeTarget;
			buildConfigurationList = 55C6BFD4202E8732009290ED /* Build configuration list for PBXNativeTarget "UHDStudentResourcesUITests" */;
			buildPhases = (
				74C29AAAF9435811D28DE067 /* [CP] Check Pods Manifest.lock */,
				55C6BFC1202E8732009290ED /* Sources */,
				55C6BFC2202E8732009290ED /* Frameworks */,
				55C6BFC3202E8732009290ED /* Resources */,
				C01FCBFB62ED342BBDA2C93B /* [CP] Embed Pods Frameworks */,
				4C938F4F9E402DD36B33D107 /* [CP] Copy Pods Resources */,
			);
			buildRules = (
			);
			dependencies = (
				55C6BFC7202E8732009290ED /* PBXTargetDependency */,
			);
			name = UHDStudentResourcesUITests;
			productName = UHDStudentResourcesUITests;
			productReference = 55C6BFC5202E8732009290ED /* UHDStudentResourcesUITests.xctest */;
			productType = "com.apple.product-type.bundle.ui-testing";
		};
/* End PBXNativeTarget section */

/* Begin PBXProject section */
		55C6BF9E202E8731009290ED /* Project object */ = {
			isa = PBXProject;
			attributes = {
				LastSwiftUpdateCheck = 0920;
				LastUpgradeCheck = 0920;
				ORGANIZATIONNAME = "Alixa Bahena";
				TargetAttributes = {
					55C6BFA5202E8731009290ED = {
						CreatedOnToolsVersion = 9.2;
						ProvisioningStyle = Automatic;
					};
					55C6BFB9202E8732009290ED = {
						CreatedOnToolsVersion = 9.2;
						ProvisioningStyle = Automatic;
						TestTargetID = 55C6BFA5202E8731009290ED;
					};
					55C6BFC4202E8732009290ED = {
						CreatedOnToolsVersion = 9.2;
						ProvisioningStyle = Automatic;
						TestTargetID = 55C6BFA5202E8731009290ED;
					};
				};
			};
			buildConfigurationList = 55C6BFA1202E8731009290ED /* Build configuration list for PBXProject "UHDStudentResources" */;
			compatibilityVersion = "Xcode 8.0";
			developmentRegion = en;
			hasScannedForEncodings = 0;
			knownRegions = (
				en,
				Base,
			);
			mainGroup = 55C6BF9D202E8731009290ED;
			productRefGroup = 55C6BFA7202E8731009290ED /* Products */;
			projectDirPath = "";
			projectRoot = "";
			targets = (
				55C6BFA5202E8731009290ED /* UHDStudentResources */,
				55C6BFB9202E8732009290ED /* UHDStudentResourcesTests */,
				55C6BFC4202E8732009290ED /* UHDStudentResourcesUITests */,
			);
		};
/* End PBXProject section */

/* Begin PBXResourcesBuildPhase section */
		55C6BFA4202E8731009290ED /* Resources */ = {
			isa = PBXResourcesBuildPhase;
			buildActionMask = 2147483647;
			files = (
				55C6BFE6202EA1AE009290ED /* Climacons.ttf in Resources */,
				55C6BFE8202EA1AE009290ED /* Base.lproj in Resources */,
				55C6BFB4202E8731009290ED /* LaunchScreen.storyboard in Resources */,
				55C6BFB1202E8731009290ED /* Assets.xcassets in Resources */,
				55C6BFE0202EA1AE009290ED /* Image.imageset in Resources */,
				55C6BFAF202E8731009290ED /* Main.storyboard in Resources */,
				55C6BFE4202EA1AE009290ED /* Assets.xcassets in Resources */,
			);
			runOnlyForDeploymentPostprocessing = 0;
		};
		55C6BFB8202E8732009290ED /* Resources */ = {
			isa = PBXResourcesBuildPhase;
			buildActionMask = 2147483647;
			files = (
			);
			runOnlyForDeploymentPostprocessing = 0;
		};
		55C6BFC3202E8732009290ED /* Resources */ = {
			isa = PBXResourcesBuildPhase;
			buildActionMask = 2147483647;
			files = (
			);
			runOnlyForDeploymentPostprocessing = 0;
		};
/* End PBXResourcesBuildPhase section */

/* Begin PBXShellScriptBuildPhase section */
		282DC4F01E28FEEA3409B093 /* [CP] Embed Pods Frameworks */ = {
			isa = PBXShellScriptBuildPhase;
			buildActionMask = 2147483647;
			files = (
			);
			inputPaths = (
			);
			name = "[CP] Embed Pods Frameworks";
			outputPaths = (
			);
			runOnlyForDeploymentPostprocessing = 0;
			shellPath = /bin/sh;
			shellScript = "\"${SRCROOT}/Pods/Target Support Files/Pods-UHDStudentResourcesTests/Pods-UHDStudentResourcesTests-frameworks.sh\"\n";
			showEnvVarsInLog = 0;
		};
		47F3B6AAB492A5C6328D350F /* [CP] Copy Pods Resources */ = {
			isa = PBXShellScriptBuildPhase;
			buildActionMask = 2147483647;
			files = (
			);
			inputPaths = (
			);
			name = "[CP] Copy Pods Resources";
			outputPaths = (
			);
			runOnlyForDeploymentPostprocessing = 0;
			shellPath = /bin/sh;
			shellScript = "\"${SRCROOT}/Pods/Target Support Files/Pods-UHDStudentResourcesTests/Pods-UHDStudentResourcesTests-resources.sh\"\n";
			showEnvVarsInLog = 0;
		};
		4C938F4F9E402DD36B33D107 /* [CP] Copy Pods Resources */ = {
			isa = PBXShellScriptBuildPhase;
			buildActionMask = 2147483647;
			files = (
			);
			inputPaths = (
			);
			name = "[CP] Copy Pods Resources";
			outputPaths = (
			);
			runOnlyForDeploymentPostprocessing = 0;
			shellPath = /bin/sh;
			shellScript = "\"${SRCROOT}/Pods/Target Support Files/Pods-UHDStudentResourcesUITests/Pods-UHDStudentResourcesUITests-resources.sh\"\n";
			showEnvVarsInLog = 0;
		};
		74C29AAAF9435811D28DE067 /* [CP] Check Pods Manifest.lock */ = {
			isa = PBXShellScriptBuildPhase;
			buildActionMask = 2147483647;
			files = (
			);
			inputPaths = (
				"${PODS_PODFILE_DIR_PATH}/Podfile.lock",
				"${PODS_ROOT}/Manifest.lock",
			);
			name = "[CP] Check Pods Manifest.lock";
			outputPaths = (
				"$(DERIVED_FILE_DIR)/Pods-UHDStudentResourcesUITests-checkManifestLockResult.txt",
			);
			runOnlyForDeploymentPostprocessing = 0;
			shellPath = /bin/sh;
			shellScript = "diff \"${PODS_PODFILE_DIR_PATH}/Podfile.lock\" \"${PODS_ROOT}/Manifest.lock\" > /dev/null\nif [ $? != 0 ] ; then\n    # print error to STDERR\n    echo \"error: The sandbox is not in sync with the Podfile.lock. Run 'pod install' or update your CocoaPods installation.\" >&2\n    exit 1\nfi\n# This output is used by Xcode 'outputs' to avoid re-running this script phase.\necho \"SUCCESS\" > \"${SCRIPT_OUTPUT_FILE_0}\"\n";
			showEnvVarsInLog = 0;
		};
		99CE131350450413B85D5A45 /* [CP] Embed Pods Frameworks */ = {
			isa = PBXShellScriptBuildPhase;
			buildActionMask = 2147483647;
			files = (
			);
			inputPaths = (
				"${SRCROOT}/Pods/Target Support Files/Pods-UHDStudentResources/Pods-UHDStudentResources-frameworks.sh",
				"${BUILT_PRODUCTS_DIR}/FeedKit/FeedKit.framework",
				"${BUILT_PRODUCTS_DIR}/FrostedSidebar/FrostedSidebar.framework",
				"${BUILT_PRODUCTS_DIR}/JTAppleCalendar/JTAppleCalendar.framework",
				"${BUILT_PRODUCTS_DIR}/JTImageButton/JTImageButton.framework",
				"${BUILT_PRODUCTS_DIR}/Jupiter/Jupiter.framework",
				"${BUILT_PRODUCTS_DIR}/LUExpandableTableView/LUExpandableTableView.framework",
				"${PODS_ROOT}/Mapbox-iOS-SDK/dynamic/Mapbox.framework",
				"${PODS_ROOT}/Mapbox-iOS-SDK/dynamic/Mapbox.framework.dSYM",
				"${BUILT_PRODUCTS_DIR}/NVActivityIndicatorView/NVActivityIndicatorView.framework",
				"${BUILT_PRODUCTS_DIR}/SideMenu/SideMenu.framework",
				"${BUILT_PRODUCTS_DIR}/Unbox/Unbox.framework",
			);
			name = "[CP] Embed Pods Frameworks";
			outputPaths = (
				"${TARGET_BUILD_DIR}/${FRAMEWORKS_FOLDER_PATH}/FeedKit.framework",
				"${TARGET_BUILD_DIR}/${FRAMEWORKS_FOLDER_PATH}/FrostedSidebar.framework",
				"${TARGET_BUILD_DIR}/${FRAMEWORKS_FOLDER_PATH}/JTAppleCalendar.framework",
				"${TARGET_BUILD_DIR}/${FRAMEWORKS_FOLDER_PATH}/JTImageButton.framework",
				"${TARGET_BUILD_DIR}/${FRAMEWORKS_FOLDER_PATH}/Jupiter.framework",
				"${TARGET_BUILD_DIR}/${FRAMEWORKS_FOLDER_PATH}/LUExpandableTableView.framework",
				"${TARGET_BUILD_DIR}/${FRAMEWORKS_FOLDER_PATH}/Mapbox.framework",
				"${DWARF_DSYM_FOLDER_PATH}/Mapbox.framework.dSYM",
				"${TARGET_BUILD_DIR}/${FRAMEWORKS_FOLDER_PATH}/NVActivityIndicatorView.framework",
				"${TARGET_BUILD_DIR}/${FRAMEWORKS_FOLDER_PATH}/SideMenu.framework",
				"${TARGET_BUILD_DIR}/${FRAMEWORKS_FOLDER_PATH}/Unbox.framework",
			);
			runOnlyForDeploymentPostprocessing = 0;
			shellPath = /bin/sh;
			shellScript = "\"${SRCROOT}/Pods/Target Support Files/Pods-UHDStudentResources/Pods-UHDStudentResources-frameworks.sh\"\n";
			showEnvVarsInLog = 0;
		};
		9D7EBBE5E220D88858B48B54 /* [CP] Check Pods Manifest.lock */ = {
			isa = PBXShellScriptBuildPhase;
			buildActionMask = 2147483647;
			files = (
			);
			inputPaths = (
				"${PODS_PODFILE_DIR_PATH}/Podfile.lock",
				"${PODS_ROOT}/Manifest.lock",
			);
			name = "[CP] Check Pods Manifest.lock";
			outputPaths = (
				"$(DERIVED_FILE_DIR)/Pods-UHDStudentResources-checkManifestLockResult.txt",
			);
			runOnlyForDeploymentPostprocessing = 0;
			shellPath = /bin/sh;
			shellScript = "diff \"${PODS_PODFILE_DIR_PATH}/Podfile.lock\" \"${PODS_ROOT}/Manifest.lock\" > /dev/null\nif [ $? != 0 ] ; then\n    # print error to STDERR\n    echo \"error: The sandbox is not in sync with the Podfile.lock. Run 'pod install' or update your CocoaPods installation.\" >&2\n    exit 1\nfi\n# This output is used by Xcode 'outputs' to avoid re-running this script phase.\necho \"SUCCESS\" > \"${SCRIPT_OUTPUT_FILE_0}\"\n";
			showEnvVarsInLog = 0;
		};
		A6F2B2CCA33171EFD5C80CE9 /* [CP] Copy Pods Resources */ = {
			isa = PBXShellScriptBuildPhase;
			buildActionMask = 2147483647;
			files = (
			);
			inputPaths = (
			);
			name = "[CP] Copy Pods Resources";
			outputPaths = (
			);
			runOnlyForDeploymentPostprocessing = 0;
			shellPath = /bin/sh;
			shellScript = "\"${SRCROOT}/Pods/Target Support Files/Pods-UHDStudentResources/Pods-UHDStudentResources-resources.sh\"\n";
			showEnvVarsInLog = 0;
		};
		C01FCBFB62ED342BBDA2C93B /* [CP] Embed Pods Frameworks */ = {
			isa = PBXShellScriptBuildPhase;
			buildActionMask = 2147483647;
			files = (
			);
			inputPaths = (
			);
			name = "[CP] Embed Pods Frameworks";
			outputPaths = (
			);
			runOnlyForDeploymentPostprocessing = 0;
			shellPath = /bin/sh;
			shellScript = "\"${SRCROOT}/Pods/Target Support Files/Pods-UHDStudentResourcesUITests/Pods-UHDStudentResourcesUITests-frameworks.sh\"\n";
			showEnvVarsInLog = 0;
		};
		EBC79E484F386F6DEEF3A70E /* [CP] Check Pods Manifest.lock */ = {
			isa = PBXShellScriptBuildPhase;
			buildActionMask = 2147483647;
			files = (
			);
			inputPaths = (
				"${PODS_PODFILE_DIR_PATH}/Podfile.lock",
				"${PODS_ROOT}/Manifest.lock",
			);
			name = "[CP] Check Pods Manifest.lock";
			outputPaths = (
				"$(DERIVED_FILE_DIR)/Pods-UHDStudentResourcesTests-checkManifestLockResult.txt",
			);
			runOnlyForDeploymentPostprocessing = 0;
			shellPath = /bin/sh;
			shellScript = "diff \"${PODS_PODFILE_DIR_PATH}/Podfile.lock\" \"${PODS_ROOT}/Manifest.lock\" > /dev/null\nif [ $? != 0 ] ; then\n    # print error to STDERR\n    echo \"error: The sandbox is not in sync with the Podfile.lock. Run 'pod install' or update your CocoaPods installation.\" >&2\n    exit 1\nfi\n# This output is used by Xcode 'outputs' to avoid re-running this script phase.\necho \"SUCCESS\" > \"${SCRIPT_OUTPUT_FILE_0}\"\n";
			showEnvVarsInLog = 0;
		};
/* End PBXShellScriptBuildPhase section */

/* Begin PBXSourcesBuildPhase section */
		55C6BFA2202E8731009290ED /* Sources */ = {
			isa = PBXSourcesBuildPhase;
			buildActionMask = 2147483647;
			files = (
				55C6BFE5202EA1AE009290ED /* CalendarViewController.swift in Sources */,
				55C6BFAC202E8731009290ED /* ViewController.swift in Sources */,
				55BBF46A205EE568003669E0 /* EventStore.swift in Sources */,
				5502E8CD20472177005F039D /* CampusMapView.swift in Sources */,
				55C6BFEC20321BA1009290ED /* eventCell.swift in Sources */,
				55C6BFEA202FD761009290ED /* CalendarEvents.swift in Sources */,
				55C6BFE1202EA1AE009290ED /* CustomCell.swift in Sources */,
				5502E8CF204726AF005F039D /* RoundedButton.swift in Sources */,
				55C6BFE7202EA1AE009290ED /* MenuViewController.swift in Sources */,
				55C6BFAA202E8731009290ED /* AppDelegate.swift in Sources */,
				55C6BFE3202EA1AE009290ED /* EservicesViewController.swift in Sources */,
				55C6BFE2202EA1AE009290ED /* BusRoutesViewController.swift in Sources */,
			);
			runOnlyForDeploymentPostprocessing = 0;
		};
		55C6BFB6202E8732009290ED /* Sources */ = {
			isa = PBXSourcesBuildPhase;
			buildActionMask = 2147483647;
			files = (
				55C6BFBF202E8732009290ED /* UHDStudentResourcesTests.swift in Sources */,
			);
			runOnlyForDeploymentPostprocessing = 0;
		};
		55C6BFC1202E8732009290ED /* Sources */ = {
			isa = PBXSourcesBuildPhase;
			buildActionMask = 2147483647;
			files = (
				55C6BFCA202E8732009290ED /* UHDStudentResourcesUITests.swift in Sources */,
			);
			runOnlyForDeploymentPostprocessing = 0;
		};
/* End PBXSourcesBuildPhase section */

/* Begin PBXTargetDependency section */
		55C6BFBC202E8732009290ED /* PBXTargetDependency */ = {
			isa = PBXTargetDependency;
			target = 55C6BFA5202E8731009290ED /* UHDStudentResources */;
			targetProxy = 55C6BFBB202E8732009290ED /* PBXContainerItemProxy */;
		};
		55C6BFC7202E8732009290ED /* PBXTargetDependency */ = {
			isa = PBXTargetDependency;
			target = 55C6BFA5202E8731009290ED /* UHDStudentResources */;
			targetProxy = 55C6BFC6202E8732009290ED /* PBXContainerItemProxy */;
		};
/* End PBXTargetDependency section */

/* Begin PBXVariantGroup section */
		55C6BFAD202E8731009290ED /* Main.storyboard */ = {
			isa = PBXVariantGroup;
			children = (
				55C6BFAE202E8731009290ED /* Base */,
			);
			name = Main.storyboard;
			sourceTree = "<group>";
		};
		55C6BFB2202E8731009290ED /* LaunchScreen.storyboard */ = {
			isa = PBXVariantGroup;
			children = (
				55C6BFB3202E8731009290ED /* Base */,
			);
			name = LaunchScreen.storyboard;
			sourceTree = "<group>";
		};
/* End PBXVariantGroup section */

/* Begin XCBuildConfiguration section */
		55C6BFCC202E8732009290ED /* Debug */ = {
			isa = XCBuildConfiguration;
			buildSettings = {
				ALWAYS_SEARCH_USER_PATHS = NO;
				CLANG_ANALYZER_NONNULL = YES;
				CLANG_ANALYZER_NUMBER_OBJECT_CONVERSION = YES_AGGRESSIVE;
				CLANG_CXX_LANGUAGE_STANDARD = "gnu++14";
				CLANG_CXX_LIBRARY = "libc++";
				CLANG_ENABLE_MODULES = YES;
				CLANG_ENABLE_OBJC_ARC = YES;
				CLANG_WARN_BLOCK_CAPTURE_AUTORELEASING = YES;
				CLANG_WARN_BOOL_CONVERSION = YES;
				CLANG_WARN_COMMA = YES;
				CLANG_WARN_CONSTANT_CONVERSION = YES;
				CLANG_WARN_DIRECT_OBJC_ISA_USAGE = YES_ERROR;
				CLANG_WARN_DOCUMENTATION_COMMENTS = YES;
				CLANG_WARN_EMPTY_BODY = YES;
				CLANG_WARN_ENUM_CONVERSION = YES;
				CLANG_WARN_INFINITE_RECURSION = YES;
				CLANG_WARN_INT_CONVERSION = YES;
				CLANG_WARN_NON_LITERAL_NULL_CONVERSION = YES;
				CLANG_WARN_OBJC_LITERAL_CONVERSION = YES;
				CLANG_WARN_OBJC_ROOT_CLASS = YES_ERROR;
				CLANG_WARN_RANGE_LOOP_ANALYSIS = YES;
				CLANG_WARN_STRICT_PROTOTYPES = YES;
				CLANG_WARN_SUSPICIOUS_MOVE = YES;
				CLANG_WARN_UNGUARDED_AVAILABILITY = YES_AGGRESSIVE;
				CLANG_WARN_UNREACHABLE_CODE = YES;
				CLANG_WARN__DUPLICATE_METHOD_MATCH = YES;
				CODE_SIGN_IDENTITY = "iPhone Developer";
				COPY_PHASE_STRIP = NO;
				DEBUG_INFORMATION_FORMAT = dwarf;
				ENABLE_STRICT_OBJC_MSGSEND = YES;
				ENABLE_TESTABILITY = YES;
				GCC_C_LANGUAGE_STANDARD = gnu11;
				GCC_DYNAMIC_NO_PIC = NO;
				GCC_NO_COMMON_BLOCKS = YES;
				GCC_OPTIMIZATION_LEVEL = 0;
				GCC_PREPROCESSOR_DEFINITIONS = (
					"DEBUG=1",
					"$(inherited)",
				);
				GCC_WARN_64_TO_32_BIT_CONVERSION = YES;
				GCC_WARN_ABOUT_RETURN_TYPE = YES_ERROR;
				GCC_WARN_UNDECLARED_SELECTOR = YES;
				GCC_WARN_UNINITIALIZED_AUTOS = YES_AGGRESSIVE;
				GCC_WARN_UNUSED_FUNCTION = YES;
				GCC_WARN_UNUSED_VARIABLE = YES;
				IPHONEOS_DEPLOYMENT_TARGET = 11.2;
				MTL_ENABLE_DEBUG_INFO = YES;
				ONLY_ACTIVE_ARCH = YES;
				SDKROOT = iphoneos;
				SWIFT_ACTIVE_COMPILATION_CONDITIONS = DEBUG;
				SWIFT_OPTIMIZATION_LEVEL = "-Onone";
			};
			name = Debug;
		};
		55C6BFCD202E8732009290ED /* Release */ = {
			isa = XCBuildConfiguration;
			buildSettings = {
				ALWAYS_SEARCH_USER_PATHS = NO;
				CLANG_ANALYZER_NONNULL = YES;
				CLANG_ANALYZER_NUMBER_OBJECT_CONVERSION = YES_AGGRESSIVE;
				CLANG_CXX_LANGUAGE_STANDARD = "gnu++14";
				CLANG_CXX_LIBRARY = "libc++";
				CLANG_ENABLE_MODULES = YES;
				CLANG_ENABLE_OBJC_ARC = YES;
				CLANG_WARN_BLOCK_CAPTURE_AUTORELEASING = YES;
				CLANG_WARN_BOOL_CONVERSION = YES;
				CLANG_WARN_COMMA = YES;
				CLANG_WARN_CONSTANT_CONVERSION = YES;
				CLANG_WARN_DIRECT_OBJC_ISA_USAGE = YES_ERROR;
				CLANG_WARN_DOCUMENTATION_COMMENTS = YES;
				CLANG_WARN_EMPTY_BODY = YES;
				CLANG_WARN_ENUM_CONVERSION = YES;
				CLANG_WARN_INFINITE_RECURSION = YES;
				CLANG_WARN_INT_CONVERSION = YES;
				CLANG_WARN_NON_LITERAL_NULL_CONVERSION = YES;
				CLANG_WARN_OBJC_LITERAL_CONVERSION = YES;
				CLANG_WARN_OBJC_ROOT_CLASS = YES_ERROR;
				CLANG_WARN_RANGE_LOOP_ANALYSIS = YES;
				CLANG_WARN_STRICT_PROTOTYPES = YES;
				CLANG_WARN_SUSPICIOUS_MOVE = YES;
				CLANG_WARN_UNGUARDED_AVAILABILITY = YES_AGGRESSIVE;
				CLANG_WARN_UNREACHABLE_CODE = YES;
				CLANG_WARN__DUPLICATE_METHOD_MATCH = YES;
				CODE_SIGN_IDENTITY = "iPhone Developer";
				COPY_PHASE_STRIP = NO;
				DEBUG_INFORMATION_FORMAT = "dwarf-with-dsym";
				ENABLE_NS_ASSERTIONS = NO;
				ENABLE_STRICT_OBJC_MSGSEND = YES;
				GCC_C_LANGUAGE_STANDARD = gnu11;
				GCC_NO_COMMON_BLOCKS = YES;
				GCC_WARN_64_TO_32_BIT_CONVERSION = YES;
				GCC_WARN_ABOUT_RETURN_TYPE = YES_ERROR;
				GCC_WARN_UNDECLARED_SELECTOR = YES;
				GCC_WARN_UNINITIALIZED_AUTOS = YES_AGGRESSIVE;
				GCC_WARN_UNUSED_FUNCTION = YES;
				GCC_WARN_UNUSED_VARIABLE = YES;
				IPHONEOS_DEPLOYMENT_TARGET = 11.2;
				MTL_ENABLE_DEBUG_INFO = NO;
				SDKROOT = iphoneos;
				SWIFT_OPTIMIZATION_LEVEL = "-Owholemodule";
				VALIDATE_PRODUCT = YES;
			};
			name = Release;
		};
		55C6BFCF202E8732009290ED /* Debug */ = {
			isa = XCBuildConfiguration;
			baseConfigurationReference = D2CCFE0F43FDD40306419829 /* Pods-UHDStudentResources.debug.xcconfig */;
			buildSettings = {
				ASSETCATALOG_COMPILER_APPICON_NAME = AppIcon;
				CODE_SIGN_STYLE = Automatic;
				INFOPLIST_FILE = UHDStudentResources/Info.plist;
				LD_RUNPATH_SEARCH_PATHS = "$(inherited) @executable_path/Frameworks";
				PRODUCT_BUNDLE_IDENTIFIER = com.alixabahena.UHDStudentResources;
				PRODUCT_NAME = "$(TARGET_NAME)";
				SWIFT_VERSION = 4.0;
				TARGETED_DEVICE_FAMILY = "1,2";
			};
			name = Debug;
		};
		55C6BFD0202E8732009290ED /* Release */ = {
			isa = XCBuildConfiguration;
			baseConfigurationReference = 98B40A195B79D900BBE4BFDC /* Pods-UHDStudentResources.release.xcconfig */;
			buildSettings = {
				ASSETCATALOG_COMPILER_APPICON_NAME = AppIcon;
				CODE_SIGN_STYLE = Automatic;
				INFOPLIST_FILE = UHDStudentResources/Info.plist;
				LD_RUNPATH_SEARCH_PATHS = "$(inherited) @executable_path/Frameworks";
				PRODUCT_BUNDLE_IDENTIFIER = com.alixabahena.UHDStudentResources;
				PRODUCT_NAME = "$(TARGET_NAME)";
				SWIFT_VERSION = 4.0;
				TARGETED_DEVICE_FAMILY = "1,2";
			};
			name = Release;
		};
		55C6BFD2202E8732009290ED /* Debug */ = {
			isa = XCBuildConfiguration;
			baseConfigurationReference = 136657446EEC71F8573BC6F6 /* Pods-UHDStudentResourcesTests.debug.xcconfig */;
			buildSettings = {
				ALWAYS_EMBED_SWIFT_STANDARD_LIBRARIES = YES;
				BUNDLE_LOADER = "$(TEST_HOST)";
				CODE_SIGN_STYLE = Automatic;
				INFOPLIST_FILE = UHDStudentResourcesTests/Info.plist;
				LD_RUNPATH_SEARCH_PATHS = "$(inherited) @executable_path/Frameworks @loader_path/Frameworks";
				PRODUCT_BUNDLE_IDENTIFIER = com.alixabahena.UHDStudentResourcesTests;
				PRODUCT_NAME = "$(TARGET_NAME)";
				SWIFT_VERSION = 4.0;
				TARGETED_DEVICE_FAMILY = "1,2";
				TEST_HOST = "$(BUILT_PRODUCTS_DIR)/UHDStudentResources.app/UHDStudentResources";
			};
			name = Debug;
		};
		55C6BFD3202E8732009290ED /* Release */ = {
			isa = XCBuildConfiguration;
			baseConfigurationReference = E76D035BBEF4FB6C5A91D3B9 /* Pods-UHDStudentResourcesTests.release.xcconfig */;
			buildSettings = {
				ALWAYS_EMBED_SWIFT_STANDARD_LIBRARIES = YES;
				BUNDLE_LOADER = "$(TEST_HOST)";
				CODE_SIGN_STYLE = Automatic;
				INFOPLIST_FILE = UHDStudentResourcesTests/Info.plist;
				LD_RUNPATH_SEARCH_PATHS = "$(inherited) @executable_path/Frameworks @loader_path/Frameworks";
				PRODUCT_BUNDLE_IDENTIFIER = com.alixabahena.UHDStudentResourcesTests;
				PRODUCT_NAME = "$(TARGET_NAME)";
				SWIFT_VERSION = 4.0;
				TARGETED_DEVICE_FAMILY = "1,2";
				TEST_HOST = "$(BUILT_PRODUCTS_DIR)/UHDStudentResources.app/UHDStudentResources";
			};
			name = Release;
		};
		55C6BFD5202E8732009290ED /* Debug */ = {
			isa = XCBuildConfiguration;
			baseConfigurationReference = EC9DC7715EB271EA05931F89 /* Pods-UHDStudentResourcesUITests.debug.xcconfig */;
			buildSettings = {
				ALWAYS_EMBED_SWIFT_STANDARD_LIBRARIES = YES;
				CODE_SIGN_STYLE = Automatic;
				INFOPLIST_FILE = UHDStudentResourcesUITests/Info.plist;
				LD_RUNPATH_SEARCH_PATHS = "$(inherited) @executable_path/Frameworks @loader_path/Frameworks";
				PRODUCT_BUNDLE_IDENTIFIER = com.alixabahena.UHDStudentResourcesUITests;
				PRODUCT_NAME = "$(TARGET_NAME)";
				SWIFT_VERSION = 4.0;
				TARGETED_DEVICE_FAMILY = "1,2";
				TEST_TARGET_NAME = UHDStudentResources;
			};
			name = Debug;
		};
		55C6BFD6202E8732009290ED /* Release */ = {
			isa = XCBuildConfiguration;
			baseConfigurationReference = B4E9EC7BACF0654AB5E8FD4F /* Pods-UHDStudentResourcesUITests.release.xcconfig */;
			buildSettings = {
				ALWAYS_EMBED_SWIFT_STANDARD_LIBRARIES = YES;
				CODE_SIGN_STYLE = Automatic;
				INFOPLIST_FILE = UHDStudentResourcesUITests/Info.plist;
				LD_RUNPATH_SEARCH_PATHS = "$(inherited) @executable_path/Frameworks @loader_path/Frameworks";
				PRODUCT_BUNDLE_IDENTIFIER = com.alixabahena.UHDStudentResourcesUITests;
				PRODUCT_NAME = "$(TARGET_NAME)";
				SWIFT_VERSION = 4.0;
				TARGETED_DEVICE_FAMILY = "1,2";
				TEST_TARGET_NAME = UHDStudentResources;
			};
			name = Release;
		};
/* End XCBuildConfiguration section */

/* Begin XCConfigurationList section */
		55C6BFA1202E8731009290ED /* Build configuration list for PBXProject "UHDStudentResources" */ = {
			isa = XCConfigurationList;
			buildConfigurations = (
				55C6BFCC202E8732009290ED /* Debug */,
				55C6BFCD202E8732009290ED /* Release */,
			);
			defaultConfigurationIsVisible = 0;
			defaultConfigurationName = Release;
		};
		55C6BFCE202E8732009290ED /* Build configuration list for PBXNativeTarget "UHDStudentResources" */ = {
			isa = XCConfigurationList;
			buildConfigurations = (
				55C6BFCF202E8732009290ED /* Debug */,
				55C6BFD0202E8732009290ED /* Release */,
			);
			defaultConfigurationIsVisible = 0;
			defaultConfigurationName = Release;
		};
		55C6BFD1202E8732009290ED /* Build configuration list for PBXNativeTarget "UHDStudentResourcesTests" */ = {
			isa = XCConfigurationList;
			buildConfigurations = (
				55C6BFD2202E8732009290ED /* Debug */,
				55C6BFD3202E8732009290ED /* Release */,
			);
			defaultConfigurationIsVisible = 0;
			defaultConfigurationName = Release;
		};
		55C6BFD4202E8732009290ED /* Build configuration list for PBXNativeTarget "UHDStudentResourcesUITests" */ = {
			isa = XCConfigurationList;
			buildConfigurations = (
				55C6BFD5202E8732009290ED /* Debug */,
				55C6BFD6202E8732009290ED /* Release */,
			);
			defaultConfigurationIsVisible = 0;
			defaultConfigurationName = Release;
		};
/* End XCConfigurationList section */
	};
	rootObject = 55C6BF9E202E8731009290ED /* Project object */;
}
